
Microsoft Visual Studio Solution File, Format Version 12.00
# Visual Studio Version 16
VisualStudioVersion = 16.0.30011.22
MinimumVisualStudioVersion = 10.0.40219.1
Project("{9A19103F-16F7-4668-BE54-9A1E7A4F7556}") = "SpecFlowProject1", "SpecFlowProject1\SpecFlowProject1.csproj", "{EBBEA73B-32F7-4FD3-B40E-23E79E08A7DE}"
EndProject
Project("{9A19103F-16F7-4668-BE54-9A1E7A4F7556}") = "PruebaUnitariaBuscaminas", "PruebaUnitariaBuscaminas\PruebaUnitariaBuscaminas.csproj", "{5C8DD94B-FACA-4503-9692-89E9A00C5018}"
EndProject
Project("{FAE04EC0-301F-11D3-BF4B-00C04F79EFBC}") = "DataTest", "DataTest\DataTest.csproj", "{83AC8FBB-12F9-4F2D-878E-AD697A220938}"
EndProject
Global
	GlobalSection(SolutionConfigurationPlatforms) = preSolution
		Debug|Any CPU = Debug|Any CPU
		Release|Any CPU = Release|Any CPU
	EndGlobalSection
	GlobalSection(ProjectConfigurationPlatforms) = postSolution
		{EBBEA73B-32F7-4FD3-B40E-23E79E08A7DE}.Debug|Any CPU.ActiveCfg = Debug|Any CPU
		{EBBEA73B-32F7-4FD3-B40E-23E79E08A7DE}.Debug|Any CPU.Build.0 = Debug|Any CPU
		{EBBEA73B-32F7-4FD3-B40E-23E79E08A7DE}.Release|Any CPU.ActiveCfg = Release|Any CPU
		{EBBEA73B-32F7-4FD3-B40E-23E79E08A7DE}.Release|Any CPU.Build.0 = Release|Any CPU
		{5C8DD94B-FACA-4503-9692-89E9A00C5018}.Debug|Any CPU.ActiveCfg = Debug|Any CPU
		{5C8DD94B-FACA-4503-9692-89E9A00C5018}.Debug|Any CPU.Build.0 = Debug|Any CPU
		{5C8DD94B-FACA-4503-9692-89E9A00C5018}.Release|Any CPU.ActiveCfg = Release|Any CPU
		{5C8DD94B-FACA-4503-9692-89E9A00C5018}.Release|Any CPU.Build.0 = Release|Any CPU
		{83AC8FBB-12F9-4F2D-878E-AD697A220938}.Debug|Any CPU.ActiveCfg = Debug|Any CPU
		{83AC8FBB-12F9-4F2D-878E-AD697A220938}.Debug|Any CPU.Build.0 = Debug|Any CPU
		{83AC8FBB-12F9-4F2D-878E-AD697A220938}.Release|Any CPU.ActiveCfg = Release|Any CPU
		{83AC8FBB-12F9-4F2D-878E-AD697A220938}.Release|Any CPU.Build.0 = Release|Any CPU
	EndGlobalSection
	GlobalSection(SolutionProperties) = preSolution
		HideSolutionNode = FALSE
	EndGlobalSection
	GlobalSection(ExtensibilityGlobals) = postSolution
		SolutionGuid = {B862B5B8-B4F5-4B42-B3AC-33718D0A0901}
	EndGlobalSection
EndGlobal
